
Microsoft Visual Studio Solution File, Format Version 12.00
# Visual Studio 14
VisualStudioVersion = 14.0.23107.0
MinimumVisualStudioVersion = 10.0.40219.1
Project("{FAE04EC0-301F-11D3-BF4B-00C04F79EFBC}") = "LuaNet.LuaLib", "LuaNet.LuaLib\LuaNet.LuaLib.csproj", "{92757D2C-D53D-4360-81A2-0F5EAE6C60E9}"
EndProject
Project("{2150E333-8FDC-42A3-9474-1A3956D46DE8}") = "Tests", "Tests", "{EF830FD3-C4B0-47ED-8BD9-9E6CC365CCFD}"
EndProject
Project("{FAE04EC0-301F-11D3-BF4B-00C04F79EFBC}") = "LuaNet.LuaLib.Tests", "LuaNet.LuaLib.Tests\LuaNet.LuaLib.Tests.csproj", "{B04294BA-F12D-49CD-8E54-1B8182C86329}"
EndProject
Project("{FAE04EC0-301F-11D3-BF4B-00C04F79EFBC}") = "LuaStudio", "LuaStudio\LuaStudio.csproj", "{E93368FA-4B84-4046-B138-05A5E57BE527}"
EndProject
Project("{2150E333-8FDC-42A3-9474-1A3956D46DE8}") = "LuaNet", "LuaNet", "{AFE04E04-F17D-4B75-A2E2-1712C3FD6DA3}"
EndProject
Project("{FAE04EC0-301F-11D3-BF4B-00C04F79EFBC}") = "LuaN", "LuaN\LuaN.csproj", "{35259BDF-262B-405C-A28A-5A2F4BE3CFE6}"
EndProject
Project("{FAE04EC0-301F-11D3-BF4B-00C04F79EFBC}") = "LuaN.DllWrapper", "LuaN.DllWrapper\LuaN.DllWrapper.csproj", "{DD1B9A0C-A56D-4FF9-9952-7346575BE462}"
EndProject
Project("{2150E333-8FDC-42A3-9474-1A3956D46DE8}") = "Tests", "Tests", "{3A391724-E9F3-4DB2-BDCF-47FC66305389}"
EndProject
Project("{FAE04EC0-301F-11D3-BF4B-00C04F79EFBC}") = "LuaN.DllWrapper.Tests", "LuaN.DllWrapper.Tests\LuaN.DllWrapper.Tests.csproj", "{9A55B49D-E80E-4FA9-AEB0-8DA261B87C73}"
EndProject
Project("{FAE04EC0-301F-11D3-BF4B-00C04F79EFBC}") = "LuaN.Lua", "LuaN.Lua\LuaN.Lua.csproj", "{9F6469E0-82AE-4C3E-AC7D-A5DA4D70C02C}"
EndProject
Project("{FAE04EC0-301F-11D3-BF4B-00C04F79EFBC}") = "LuaN.Tests", "LuaN.Tests\LuaN.Tests.csproj", "{31001A2E-8B6F-4B75-8EE3-1DE91AC57DF6}"
EndProject
Project("{FAE04EC0-301F-11D3-BF4B-00C04F79EFBC}") = "LuaN.Studio", "LuaN.Studio\LuaN.Studio.csproj", "{E77B45B8-43BA-4450-BDD6-AECDF399677C}"
EndProject
Project("{2150E333-8FDC-42A3-9474-1A3956D46DE8}") = "Studio", "Studio", "{052CBA97-22A8-4AAC-8881-DE408C872560}"
EndProject
Global
	GlobalSection(SolutionConfigurationPlatforms) = preSolution
		Debug|Any CPU = Debug|Any CPU
		Debug|x64 = Debug|x64
		Debug|x86 = Debug|x86
		Release|Any CPU = Release|Any CPU
		Release|x64 = Release|x64
		Release|x86 = Release|x86
	EndGlobalSection
	GlobalSection(ProjectConfigurationPlatforms) = postSolution
		{92757D2C-D53D-4360-81A2-0F5EAE6C60E9}.Debug|Any CPU.ActiveCfg = Debug|Any CPU
		{92757D2C-D53D-4360-81A2-0F5EAE6C60E9}.Debug|Any CPU.Build.0 = Debug|Any CPU
		{92757D2C-D53D-4360-81A2-0F5EAE6C60E9}.Debug|x64.ActiveCfg = Debug|Any CPU
		{92757D2C-D53D-4360-81A2-0F5EAE6C60E9}.Debug|x64.Build.0 = Debug|Any CPU
		{92757D2C-D53D-4360-81A2-0F5EAE6C60E9}.Debug|x86.ActiveCfg = Debug|x86
		{92757D2C-D53D-4360-81A2-0F5EAE6C60E9}.Debug|x86.Build.0 = Debug|x86
		{92757D2C-D53D-4360-81A2-0F5EAE6C60E9}.Release|Any CPU.ActiveCfg = Release|Any CPU
		{92757D2C-D53D-4360-81A2-0F5EAE6C60E9}.Release|Any CPU.Build.0 = Release|Any CPU
		{92757D2C-D53D-4360-81A2-0F5EAE6C60E9}.Release|x64.ActiveCfg = Release|Any CPU
		{92757D2C-D53D-4360-81A2-0F5EAE6C60E9}.Release|x64.Build.0 = Release|Any CPU
		{92757D2C-D53D-4360-81A2-0F5EAE6C60E9}.Release|x86.ActiveCfg = Release|x86
		{92757D2C-D53D-4360-81A2-0F5EAE6C60E9}.Release|x86.Build.0 = Release|x86
		{B04294BA-F12D-49CD-8E54-1B8182C86329}.Debug|Any CPU.ActiveCfg = Debug|Any CPU
		{B04294BA-F12D-49CD-8E54-1B8182C86329}.Debug|Any CPU.Build.0 = Debug|Any CPU
		{B04294BA-F12D-49CD-8E54-1B8182C86329}.Debug|x64.ActiveCfg = Debug|Any CPU
		{B04294BA-F12D-49CD-8E54-1B8182C86329}.Debug|x64.Build.0 = Debug|Any CPU
		{B04294BA-F12D-49CD-8E54-1B8182C86329}.Debug|x86.ActiveCfg = Debug|x86
		{B04294BA-F12D-49CD-8E54-1B8182C86329}.Debug|x86.Build.0 = Debug|x86
		{B04294BA-F12D-49CD-8E54-1B8182C86329}.Release|Any CPU.ActiveCfg = Release|Any CPU
		{B04294BA-F12D-49CD-8E54-1B8182C86329}.Release|Any CPU.Build.0 = Release|Any CPU
		{B04294BA-F12D-49CD-8E54-1B8182C86329}.Release|x64.ActiveCfg = Release|Any CPU
		{B04294BA-F12D-49CD-8E54-1B8182C86329}.Release|x64.Build.0 = Release|Any CPU
		{B04294BA-F12D-49CD-8E54-1B8182C86329}.Release|x86.ActiveCfg = Release|x86
		{B04294BA-F12D-49CD-8E54-1B8182C86329}.Release|x86.Build.0 = Release|x86
		{E93368FA-4B84-4046-B138-05A5E57BE527}.Debug|Any CPU.ActiveCfg = Debug|Any CPU
		{E93368FA-4B84-4046-B138-05A5E57BE527}.Debug|Any CPU.Build.0 = Debug|Any CPU
		{E93368FA-4B84-4046-B138-05A5E57BE527}.Debug|x64.ActiveCfg = Debug|Any CPU
		{E93368FA-4B84-4046-B138-05A5E57BE527}.Debug|x64.Build.0 = Debug|Any CPU
		{E93368FA-4B84-4046-B138-05A5E57BE527}.Debug|x86.ActiveCfg = Debug|Any CPU
		{E93368FA-4B84-4046-B138-05A5E57BE527}.Debug|x86.Build.0 = Debug|Any CPU
		{E93368FA-4B84-4046-B138-05A5E57BE527}.Release|Any CPU.ActiveCfg = Release|Any CPU
		{E93368FA-4B84-4046-B138-05A5E57BE527}.Release|Any CPU.Build.0 = Release|Any CPU
		{E93368FA-4B84-4046-B138-05A5E57BE527}.Release|x64.ActiveCfg = Release|Any CPU
		{E93368FA-4B84-4046-B138-05A5E57BE527}.Release|x64.Build.0 = Release|Any CPU
		{E93368FA-4B84-4046-B138-05A5E57BE527}.Release|x86.ActiveCfg = Release|Any CPU
		{E93368FA-4B84-4046-B138-05A5E57BE527}.Release|x86.Build.0 = Release|Any CPU
		{35259BDF-262B-405C-A28A-5A2F4BE3CFE6}.Debug|Any CPU.ActiveCfg = Debug|Any CPU
		{35259BDF-262B-405C-A28A-5A2F4BE3CFE6}.Debug|Any CPU.Build.0 = Debug|Any CPU
		{35259BDF-262B-405C-A28A-5A2F4BE3CFE6}.Debug|x64.ActiveCfg = Debug|Any CPU
		{35259BDF-262B-405C-A28A-5A2F4BE3CFE6}.Debug|x64.Build.0 = Debug|Any CPU
		{35259BDF-262B-405C-A28A-5A2F4BE3CFE6}.Debug|x86.ActiveCfg = Debug|Any CPU
		{35259BDF-262B-405C-A28A-5A2F4BE3CFE6}.Debug|x86.Build.0 = Debug|Any CPU
		{35259BDF-262B-405C-A28A-5A2F4BE3CFE6}.Release|Any CPU.ActiveCfg = Release|Any CPU
		{35259BDF-262B-405C-A28A-5A2F4BE3CFE6}.Release|Any CPU.Build.0 = Release|Any CPU
		{35259BDF-262B-405C-A28A-5A2F4BE3CFE6}.Release|x64.ActiveCfg = Release|Any CPU
		{35259BDF-262B-405C-A28A-5A2F4BE3CFE6}.Release|x64.Build.0 = Release|Any CPU
		{35259BDF-262B-405C-A28A-5A2F4BE3CFE6}.Release|x86.ActiveCfg = Release|Any CPU
		{35259BDF-262B-405C-A28A-5A2F4BE3CFE6}.Release|x86.Build.0 = Release|Any CPU
		{DD1B9A0C-A56D-4FF9-9952-7346575BE462}.Debug|Any CPU.ActiveCfg = Debug|Any CPU
		{DD1B9A0C-A56D-4FF9-9952-7346575BE462}.Debug|Any CPU.Build.0 = Debug|Any CPU
		{DD1B9A0C-A56D-4FF9-9952-7346575BE462}.Debug|x64.ActiveCfg = Debug|Any CPU
		{DD1B9A0C-A56D-4FF9-9952-7346575BE462}.Debug|x64.Build.0 = Debug|Any CPU
		{DD1B9A0C-A56D-4FF9-9952-7346575BE462}.Debug|x86.ActiveCfg = Debug|Any CPU
		{DD1B9A0C-A56D-4FF9-9952-7346575BE462}.Debug|x86.Build.0 = Debug|Any CPU
		{DD1B9A0C-A56D-4FF9-9952-7346575BE462}.Release|Any CPU.ActiveCfg = Release|Any CPU
		{DD1B9A0C-A56D-4FF9-9952-7346575BE462}.Release|Any CPU.Build.0 = Release|Any CPU
		{DD1B9A0C-A56D-4FF9-9952-7346575BE462}.Release|x64.ActiveCfg = Release|Any CPU
		{DD1B9A0C-A56D-4FF9-9952-7346575BE462}.Release|x64.Build.0 = Release|Any CPU
		{DD1B9A0C-A56D-4FF9-9952-7346575BE462}.Release|x86.ActiveCfg = Release|Any CPU
		{DD1B9A0C-A56D-4FF9-9952-7346575BE462}.Release|x86.Build.0 = Release|Any CPU
		{9A55B49D-E80E-4FA9-AEB0-8DA261B87C73}.Debug|Any CPU.ActiveCfg = Debug|Any CPU
		{9A55B49D-E80E-4FA9-AEB0-8DA261B87C73}.Debug|Any CPU.Build.0 = Debug|Any CPU
		{9A55B49D-E80E-4FA9-AEB0-8DA261B87C73}.Debug|x64.ActiveCfg = Debug|Any CPU
		{9A55B49D-E80E-4FA9-AEB0-8DA261B87C73}.Debug|x64.Build.0 = Debug|Any CPU
		{9A55B49D-E80E-4FA9-AEB0-8DA261B87C73}.Debug|x86.ActiveCfg = Debug|Any CPU
		{9A55B49D-E80E-4FA9-AEB0-8DA261B87C73}.Debug|x86.Build.0 = Debug|Any CPU
		{9A55B49D-E80E-4FA9-AEB0-8DA261B87C73}.Release|Any CPU.ActiveCfg = Release|Any CPU
		{9A55B49D-E80E-4FA9-AEB0-8DA261B87C73}.Release|Any CPU.Build.0 = Release|Any CPU
		{9A55B49D-E80E-4FA9-AEB0-8DA261B87C73}.Release|x64.ActiveCfg = Release|Any CPU
		{9A55B49D-E80E-4FA9-AEB0-8DA261B87C73}.Release|x64.Build.0 = Release|Any CPU
		{9A55B49D-E80E-4FA9-AEB0-8DA261B87C73}.Release|x86.ActiveCfg = Release|Any CPU
		{9A55B49D-E80E-4FA9-AEB0-8DA261B87C73}.Release|x86.Build.0 = Release|Any CPU
		{9F6469E0-82AE-4C3E-AC7D-A5DA4D70C02C}.Debug|Any CPU.ActiveCfg = Debug|Any CPU
		{9F6469E0-82AE-4C3E-AC7D-A5DA4D70C02C}.Debug|Any CPU.Build.0 = Debug|Any CPU
		{9F6469E0-82AE-4C3E-AC7D-A5DA4D70C02C}.Debug|x64.ActiveCfg = Debug|Any CPU
		{9F6469E0-82AE-4C3E-AC7D-A5DA4D70C02C}.Debug|x64.Build.0 = Debug|Any CPU
		{9F6469E0-82AE-4C3E-AC7D-A5DA4D70C02C}.Debug|x86.ActiveCfg = Debug|Any CPU
		{9F6469E0-82AE-4C3E-AC7D-A5DA4D70C02C}.Debug|x86.Build.0 = Debug|Any CPU
		{9F6469E0-82AE-4C3E-AC7D-A5DA4D70C02C}.Release|Any CPU.ActiveCfg = Release|Any CPU
		{9F6469E0-82AE-4C3E-AC7D-A5DA4D70C02C}.Release|Any CPU.Build.0 = Release|Any CPU
		{9F6469E0-82AE-4C3E-AC7D-A5DA4D70C02C}.Release|x64.ActiveCfg = Release|Any CPU
		{9F6469E0-82AE-4C3E-AC7D-A5DA4D70C02C}.Release|x64.Build.0 = Release|Any CPU
		{9F6469E0-82AE-4C3E-AC7D-A5DA4D70C02C}.Release|x86.ActiveCfg = Release|Any CPU
		{9F6469E0-82AE-4C3E-AC7D-A5DA4D70C02C}.Release|x86.Build.0 = Release|Any CPU
		{31001A2E-8B6F-4B75-8EE3-1DE91AC57DF6}.Debug|Any CPU.ActiveCfg = Debug|Any CPU
		{31001A2E-8B6F-4B75-8EE3-1DE91AC57DF6}.Debug|Any CPU.Build.0 = Debug|Any CPU
		{31001A2E-8B6F-4B75-8EE3-1DE91AC57DF6}.Debug|x64.ActiveCfg = Debug|Any CPU
		{31001A2E-8B6F-4B75-8EE3-1DE91AC57DF6}.Debug|x64.Build.0 = Debug|Any CPU
		{31001A2E-8B6F-4B75-8EE3-1DE91AC57DF6}.Debug|x86.ActiveCfg = Debug|Any CPU
		{31001A2E-8B6F-4B75-8EE3-1DE91AC57DF6}.Debug|x86.Build.0 = Debug|Any CPU
		{31001A2E-8B6F-4B75-8EE3-1DE91AC57DF6}.Release|Any CPU.ActiveCfg = Release|Any CPU
		{31001A2E-8B6F-4B75-8EE3-1DE91AC57DF6}.Release|Any CPU.Build.0 = Release|Any CPU
		{31001A2E-8B6F-4B75-8EE3-1DE91AC57DF6}.Release|x64.ActiveCfg = Release|Any CPU
		{31001A2E-8B6F-4B75-8EE3-1DE91AC57DF6}.Release|x64.Build.0 = Release|Any CPU
		{31001A2E-8B6F-4B75-8EE3-1DE91AC57DF6}.Release|x86.ActiveCfg = Release|Any CPU
		{31001A2E-8B6F-4B75-8EE3-1DE91AC57DF6}.Release|x86.Build.0 = Release|Any CPU
		{E77B45B8-43BA-4450-BDD6-AECDF399677C}.Debug|Any CPU.ActiveCfg = Debug|Any CPU
		{E77B45B8-43BA-4450-BDD6-AECDF399677C}.Debug|Any CPU.Build.0 = Debug|Any CPU
		{E77B45B8-43BA-4450-BDD6-AECDF399677C}.Debug|x64.ActiveCfg = Debug|Any CPU
		{E77B45B8-43BA-4450-BDD6-AECDF399677C}.Debug|x64.Build.0 = Debug|Any CPU
		{E77B45B8-43BA-4450-BDD6-AECDF399677C}.Debug|x86.ActiveCfg = Debug|Any CPU
		{E77B45B8-43BA-4450-BDD6-AECDF399677C}.Debug|x86.Build.0 = Debug|Any CPU
		{E77B45B8-43BA-4450-BDD6-AECDF399677C}.Release|Any CPU.ActiveCfg = Release|Any CPU
		{E77B45B8-43BA-4450-BDD6-AECDF399677C}.Release|Any CPU.Build.0 = Release|Any CPU
		{E77B45B8-43BA-4450-BDD6-AECDF399677C}.Release|x64.ActiveCfg = Release|Any CPU
		{E77B45B8-43BA-4450-BDD6-AECDF399677C}.Release|x64.Build.0 = Release|Any CPU
		{E77B45B8-43BA-4450-BDD6-AECDF399677C}.Release|x86.ActiveCfg = Release|Any CPU
		{E77B45B8-43BA-4450-BDD6-AECDF399677C}.Release|x86.Build.0 = Release|Any CPU
	EndGlobalSection
	GlobalSection(SolutionProperties) = preSolution
		HideSolutionNode = FALSE
	EndGlobalSection
	GlobalSection(NestedProjects) = preSolution
		{92757D2C-D53D-4360-81A2-0F5EAE6C60E9} = {AFE04E04-F17D-4B75-A2E2-1712C3FD6DA3}
		{EF830FD3-C4B0-47ED-8BD9-9E6CC365CCFD} = {AFE04E04-F17D-4B75-A2E2-1712C3FD6DA3}
		{B04294BA-F12D-49CD-8E54-1B8182C86329} = {EF830FD3-C4B0-47ED-8BD9-9E6CC365CCFD}
		{E93368FA-4B84-4046-B138-05A5E57BE527} = {AFE04E04-F17D-4B75-A2E2-1712C3FD6DA3}
		{9A55B49D-E80E-4FA9-AEB0-8DA261B87C73} = {3A391724-E9F3-4DB2-BDCF-47FC66305389}
		{31001A2E-8B6F-4B75-8EE3-1DE91AC57DF6} = {3A391724-E9F3-4DB2-BDCF-47FC66305389}
		{E77B45B8-43BA-4450-BDD6-AECDF399677C} = {052CBA97-22A8-4AAC-8881-DE408C872560}
	EndGlobalSection
EndGlobal
