
Microsoft Visual Studio Solution File, Format Version 12.00
# Visual Studio 2013
VisualStudioVersion = 12.0.31101.0
MinimumVisualStudioVersion = 10.0.40219.1
Project("{FAE04EC0-301F-11D3-BF4B-00C04F79EFBC}") = "Lua", "Lua\Lua.csproj", "{F90F6D43-3B42-4FCB-A488-1DF3FA0C7E70}"
EndProject
Project("{FAE04EC0-301F-11D3-BF4B-00C04F79EFBC}") = "LuaNet.LuaLib", "LuaNet.LuaLib\LuaNet.LuaLib.csproj", "{92757D2C-D53D-4360-81A2-0F5EAE6C60E9}"
EndProject
Project("{FAE04EC0-301F-11D3-BF4B-00C04F79EFBC}") = "Luac", "Luac\Luac.csproj", "{23E67469-39A9-4ABD-816B-19B74916C16C}"
EndProject
Project("{2150E333-8FDC-42A3-9474-1A3956D46DE8}") = "Tests", "Tests", "{EF830FD3-C4B0-47ED-8BD9-9E6CC365CCFD}"
EndProject
Project("{FAE04EC0-301F-11D3-BF4B-00C04F79EFBC}") = "LuaNet.LuaLib.Tests", "LuaNet.LuaLib.Tests\LuaNet.LuaLib.Tests.csproj", "{B04294BA-F12D-49CD-8E54-1B8182C86329}"
EndProject
Global
	GlobalSection(SolutionConfigurationPlatforms) = preSolution
		Debug|Any CPU = Debug|Any CPU
		Release|Any CPU = Release|Any CPU
	EndGlobalSection
	GlobalSection(ProjectConfigurationPlatforms) = postSolution
		{F90F6D43-3B42-4FCB-A488-1DF3FA0C7E70}.Debug|Any CPU.ActiveCfg = Debug|Any CPU
		{F90F6D43-3B42-4FCB-A488-1DF3FA0C7E70}.Debug|Any CPU.Build.0 = Debug|Any CPU
		{F90F6D43-3B42-4FCB-A488-1DF3FA0C7E70}.Release|Any CPU.ActiveCfg = Release|Any CPU
		{F90F6D43-3B42-4FCB-A488-1DF3FA0C7E70}.Release|Any CPU.Build.0 = Release|Any CPU
		{92757D2C-D53D-4360-81A2-0F5EAE6C60E9}.Debug|Any CPU.ActiveCfg = Debug|Any CPU
		{92757D2C-D53D-4360-81A2-0F5EAE6C60E9}.Debug|Any CPU.Build.0 = Debug|Any CPU
		{92757D2C-D53D-4360-81A2-0F5EAE6C60E9}.Release|Any CPU.ActiveCfg = Release|Any CPU
		{92757D2C-D53D-4360-81A2-0F5EAE6C60E9}.Release|Any CPU.Build.0 = Release|Any CPU
		{23E67469-39A9-4ABD-816B-19B74916C16C}.Debug|Any CPU.ActiveCfg = Debug|Any CPU
		{23E67469-39A9-4ABD-816B-19B74916C16C}.Debug|Any CPU.Build.0 = Debug|Any CPU
		{23E67469-39A9-4ABD-816B-19B74916C16C}.Release|Any CPU.ActiveCfg = Release|Any CPU
		{23E67469-39A9-4ABD-816B-19B74916C16C}.Release|Any CPU.Build.0 = Release|Any CPU
		{B04294BA-F12D-49CD-8E54-1B8182C86329}.Debug|Any CPU.ActiveCfg = Debug|Any CPU
		{B04294BA-F12D-49CD-8E54-1B8182C86329}.Debug|Any CPU.Build.0 = Debug|Any CPU
		{B04294BA-F12D-49CD-8E54-1B8182C86329}.Release|Any CPU.ActiveCfg = Release|Any CPU
		{B04294BA-F12D-49CD-8E54-1B8182C86329}.Release|Any CPU.Build.0 = Release|Any CPU
	EndGlobalSection
	GlobalSection(SolutionProperties) = preSolution
		HideSolutionNode = FALSE
	EndGlobalSection
	GlobalSection(NestedProjects) = preSolution
		{B04294BA-F12D-49CD-8E54-1B8182C86329} = {EF830FD3-C4B0-47ED-8BD9-9E6CC365CCFD}
	EndGlobalSection
EndGlobal
